
Microsoft Visual Studio Solution File, Format Version 12.00
# Visual Studio 15
VisualStudioVersion = 15.0.28010.2036
MinimumVisualStudioVersion = 10.0.40219.1
Project("{FAE04EC0-301F-11D3-BF4B-00C04F79EFBC}") = "agilespace", "agilespace\agilespace.csproj", "{E8F9BA70-FB6B-4726-8EA9-C13080596FC0}"
EndProject
Global
	GlobalSection(SolutionConfigurationPlatforms) = preSolution
		Debug|Any CPU = Debug|Any CPU
		Release|Any CPU = Release|Any CPU
	EndGlobalSection
	GlobalSection(ProjectConfigurationPlatforms) = postSolution
		{E8F9BA70-FB6B-4726-8EA9-C13080596FC0}.Debug|Any CPU.ActiveCfg = Debug|Any CPU
		{E8F9BA70-FB6B-4726-8EA9-C13080596FC0}.Debug|Any CPU.Build.0 = Debug|Any CPU
		{E8F9BA70-FB6B-4726-8EA9-C13080596FC0}.Release|Any CPU.ActiveCfg = Release|Any CPU
		{E8F9BA70-FB6B-4726-8EA9-C13080596FC0}.Release|Any CPU.Build.0 = Release|Any CPU
	EndGlobalSection
	GlobalSection(SolutionProperties) = preSolution
		HideSolutionNode = FALSE
	EndGlobalSection
	GlobalSection(ExtensibilityGlobals) = postSolution
		SolutionGuid = {BD3E8A4A-FDB8-46DF-8BAE-4AAC52317B62}
	EndGlobalSection
EndGlobal
